<?xml version="1.0" encoding="utf-8"?>
<Project ToolsVersion="4.0" xmlns="http://schemas.microsoft.com/developer/msbuild/2003">
  <ItemGroup>
    <Filter Include="Pliki źródłowe">
      <UniqueIdentifier>{4FC737F1-C7A5-4376-A066-2A32D752A2FF}</UniqueIdentifier>
      <Extensions>cpp;c;cc;cxx;c++;cppm;ixx;def;odl;idl;hpj;bat;asm;asmx</Extensions>
    </Filter>
    <Filter Include="Pliki nagłówkowe">
      <UniqueIdentifier>{93995380-89BD-4b04-88EB-625FBE52EBFB}</UniqueIdentifier>
      <Extensions>h;hh;hpp;hxx;h++;hm;inl;inc;ipp;xsd</Extensions>
    </Filter>
    <Filter Include="Pliki zasobów">
      <UniqueIdentifier>{67DA6AB6-F800-4c08-8B7A-83BB121AAD01}</UniqueIdentifier>
      <Extensions>rc;ico;cur;bmp;dlg;rc2;rct;bin;rgs;gif;jpg;jpeg;jpe;resx;tiff;tif;png;wav;mfcribbon-ms</Extensions>
    </Filter>
    <Filter Include="Pliki nagłówkowe\globals">
      <UniqueIdentifier>{3de12147-f8f2-4e40-91ea-e195d40e1c4b}</UniqueIdentifier>
    </Filter>
    <Filter Include="Pliki nagłówkowe\essentials">
      <UniqueIdentifier>{677ed321-2e4c-4dc8-bef9-f06c6686e511}</UniqueIdentifier>
    </Filter>
    <Filter Include="Pliki źródłowe\essentials">
      <UniqueIdentifier>{984ccea4-090e-43b5-8a67-20af015d26d9}</UniqueIdentifier>
    </Filter>
    <Filter Include="Pliki nagłówkowe\helpers">
      <UniqueIdentifier>{be1f2e21-d93a-4b34-8296-cc04e60b90fa}</UniqueIdentifier>
    </Filter>
    <Filter Include="Pliki źródłowe\helpers">
      <UniqueIdentifier>{7514373b-bd12-4d79-aef8-c76e99de814b}</UniqueIdentifier>
    </Filter>
  </ItemGroup>
  <ItemGroup>
    <ClCompile Include="start.cpp">
      <Filter>Pliki źródłowe</Filter>
    </ClCompile>
    <ClCompile Include="debug.cpp">
      <Filter>Pliki źródłowe\essentials</Filter>
    </ClCompile>
    <ClCompile Include="fsystem.cpp">
      <Filter>Pliki źródłowe\essentials</Filter>
    </ClCompile>
    <ClCompile Include="ctime.cpp">
      <Filter>Pliki źródłowe\helpers</Filter>
    </ClCompile>
  </ItemGroup>
  <ItemGroup>
    <ClInclude Include="globalinclude.h">
      <Filter>Pliki nagłówkowe\globals</Filter>
    </ClInclude>
    <ClInclude Include="debug.h">
      <Filter>Pliki nagłówkowe\essentials</Filter>
    </ClInclude>
    <ClInclude Include="fsystem.h">
      <Filter>Pliki nagłówkowe\essentials</Filter>
    </ClInclude>
    <ClInclude Include="ctime.h">
      <Filter>Pliki nagłówkowe\helpers</Filter>
    </ClInclude>
    <ClInclude Include="color.h">
      <Filter>Pliki nagłówkowe\helpers</Filter>
    </ClInclude>
  </ItemGroup>
</Project>